{
  "name": "hot-oven",
  "lockfileVersion": 3,
  "requires": true,
  "packages": {
    "": {
      "devDependencies": {
        "prettier": "^3.0.0-alpha.6"
      }
    },
    "node_modules/prettier": {
      "version": "3.0.0-alpha.6",
      "resolved": "https://registry.npmjs.org/prettier/-/prettier-3.0.0-alpha.6.tgz",
      "integrity": "sha512-AdbQSZ6Oo+iy9Ekzmsgno05P1uX2vqPkjOMJqRfP8hTe+m6iDw4Nt7bPFpWZ/HYCU+3f0P5U0o2ghxQwwkLH7A==",
      "dev": true,
      "bin": {
        "prettier": "bin/prettier.cjs"
      },
      "engines": {
        "node": ">=14"
      },
      "funding": {
        "url": "https://github.com/prettier/prettier?sponsor=1"
      }
    }
  }
}
